
Microsoft Visual Studio Solution File, Format Version 12.00
# Visual Studio Version 16
VisualStudioVersion = 16.0.29806.167
MinimumVisualStudioVersion = 10.0.40219.1
Project("{8BC9CEB8-8B4A-11D0-8D11-00A0C91BC942}") = "WeatherStation", "WeatherStation\WeatherStation.vcxproj", "{58E24E20-D3B5-437D-8919-38701259A445}"
EndProject
Project("{8BC9CEB8-8B4A-11D0-8D11-00A0C91BC942}") = "WeatherStation_tests", "WeatherStation_tests\WeatherStation_tests.vcxproj", "{C7E040AF-DB5B-45FC-B8FF-8839A3366086}"
EndProject
Project("{8BC9CEB8-8B4A-11D0-8D11-00A0C91BC942}") = "WeatherStationDuo", "WeatherStationDuo\WeatherStationDuo.vcxproj", "{74265263-DB03-46F8-BA75-22B0701B6BDC}"
EndProject
Project("{8BC9CEB8-8B4A-11D0-8D11-00A0C91BC942}") = "WeatherStationDuo_tests", "WeatherStationDuo_tests\WeatherStationDuo_tests.vcxproj", "{6AE791E5-9EE0-4947-BC3A-663D3B72573C}"
EndProject
Project("{8BC9CEB8-8B4A-11D0-8D11-00A0C91BC942}") = "WeatherStationPro", "WeatherStationPro\WeatherStationPro.vcxproj", "{78DCBA7F-9123-42E0-980F-D228FA2B914A}"
EndProject
Project("{8BC9CEB8-8B4A-11D0-8D11-00A0C91BC942}") = "WeatherStationProDuo", "WeatherStationProDuo\WeatherStationProDuo.vcxproj", "{7A8AF370-F160-4F0E-BD4E-60796FB8E684}"
EndProject
Global
	GlobalSection(SolutionConfigurationPlatforms) = preSolution
		Debug|x64 = Debug|x64
		Debug|x86 = Debug|x86
		Release|x64 = Release|x64
		Release|x86 = Release|x86
	EndGlobalSection
	GlobalSection(ProjectConfigurationPlatforms) = postSolution
		{58E24E20-D3B5-437D-8919-38701259A445}.Debug|x64.ActiveCfg = Debug|x64
		{58E24E20-D3B5-437D-8919-38701259A445}.Debug|x64.Build.0 = Debug|x64
		{58E24E20-D3B5-437D-8919-38701259A445}.Debug|x86.ActiveCfg = Debug|Win32
		{58E24E20-D3B5-437D-8919-38701259A445}.Debug|x86.Build.0 = Debug|Win32
		{58E24E20-D3B5-437D-8919-38701259A445}.Release|x64.ActiveCfg = Release|x64
		{58E24E20-D3B5-437D-8919-38701259A445}.Release|x64.Build.0 = Release|x64
		{58E24E20-D3B5-437D-8919-38701259A445}.Release|x86.ActiveCfg = Release|Win32
		{58E24E20-D3B5-437D-8919-38701259A445}.Release|x86.Build.0 = Release|Win32
		{C7E040AF-DB5B-45FC-B8FF-8839A3366086}.Debug|x64.ActiveCfg = Debug|x64
		{C7E040AF-DB5B-45FC-B8FF-8839A3366086}.Debug|x64.Build.0 = Debug|x64
		{C7E040AF-DB5B-45FC-B8FF-8839A3366086}.Debug|x86.ActiveCfg = Debug|Win32
		{C7E040AF-DB5B-45FC-B8FF-8839A3366086}.Debug|x86.Build.0 = Debug|Win32
		{C7E040AF-DB5B-45FC-B8FF-8839A3366086}.Release|x64.ActiveCfg = Release|x64
		{C7E040AF-DB5B-45FC-B8FF-8839A3366086}.Release|x64.Build.0 = Release|x64
		{C7E040AF-DB5B-45FC-B8FF-8839A3366086}.Release|x86.ActiveCfg = Release|Win32
		{C7E040AF-DB5B-45FC-B8FF-8839A3366086}.Release|x86.Build.0 = Release|Win32
		{74265263-DB03-46F8-BA75-22B0701B6BDC}.Debug|x64.ActiveCfg = Debug|x64
		{74265263-DB03-46F8-BA75-22B0701B6BDC}.Debug|x64.Build.0 = Debug|x64
		{74265263-DB03-46F8-BA75-22B0701B6BDC}.Debug|x86.ActiveCfg = Debug|Win32
		{74265263-DB03-46F8-BA75-22B0701B6BDC}.Debug|x86.Build.0 = Debug|Win32
		{74265263-DB03-46F8-BA75-22B0701B6BDC}.Release|x64.ActiveCfg = Release|x64
		{74265263-DB03-46F8-BA75-22B0701B6BDC}.Release|x64.Build.0 = Release|x64
		{74265263-DB03-46F8-BA75-22B0701B6BDC}.Release|x86.ActiveCfg = Release|Win32
		{74265263-DB03-46F8-BA75-22B0701B6BDC}.Release|x86.Build.0 = Release|Win32
		{6AE791E5-9EE0-4947-BC3A-663D3B72573C}.Debug|x64.ActiveCfg = Debug|x64
		{6AE791E5-9EE0-4947-BC3A-663D3B72573C}.Debug|x64.Build.0 = Debug|x64
		{6AE791E5-9EE0-4947-BC3A-663D3B72573C}.Debug|x86.ActiveCfg = Debug|Win32
		{6AE791E5-9EE0-4947-BC3A-663D3B72573C}.Debug|x86.Build.0 = Debug|Win32
		{6AE791E5-9EE0-4947-BC3A-663D3B72573C}.Release|x64.ActiveCfg = Release|x64
		{6AE791E5-9EE0-4947-BC3A-663D3B72573C}.Release|x64.Build.0 = Release|x64
		{6AE791E5-9EE0-4947-BC3A-663D3B72573C}.Release|x86.ActiveCfg = Release|Win32
		{6AE791E5-9EE0-4947-BC3A-663D3B72573C}.Release|x86.Build.0 = Release|Win32
		{78DCBA7F-9123-42E0-980F-D228FA2B914A}.Debug|x64.ActiveCfg = Debug|x64
		{78DCBA7F-9123-42E0-980F-D228FA2B914A}.Debug|x64.Build.0 = Debug|x64
		{78DCBA7F-9123-42E0-980F-D228FA2B914A}.Debug|x86.ActiveCfg = Debug|Win32
		{78DCBA7F-9123-42E0-980F-D228FA2B914A}.Debug|x86.Build.0 = Debug|Win32
		{78DCBA7F-9123-42E0-980F-D228FA2B914A}.Release|x64.ActiveCfg = Release|x64
		{78DCBA7F-9123-42E0-980F-D228FA2B914A}.Release|x64.Build.0 = Release|x64
		{78DCBA7F-9123-42E0-980F-D228FA2B914A}.Release|x86.ActiveCfg = Release|Win32
		{78DCBA7F-9123-42E0-980F-D228FA2B914A}.Release|x86.Build.0 = Release|Win32
		{7A8AF370-F160-4F0E-BD4E-60796FB8E684}.Debug|x64.ActiveCfg = Debug|x64
		{7A8AF370-F160-4F0E-BD4E-60796FB8E684}.Debug|x64.Build.0 = Debug|x64
		{7A8AF370-F160-4F0E-BD4E-60796FB8E684}.Debug|x86.ActiveCfg = Debug|Win32
		{7A8AF370-F160-4F0E-BD4E-60796FB8E684}.Debug|x86.Build.0 = Debug|Win32
		{7A8AF370-F160-4F0E-BD4E-60796FB8E684}.Release|x64.ActiveCfg = Release|x64
		{7A8AF370-F160-4F0E-BD4E-60796FB8E684}.Release|x64.Build.0 = Release|x64
		{7A8AF370-F160-4F0E-BD4E-60796FB8E684}.Release|x86.ActiveCfg = Release|Win32
		{7A8AF370-F160-4F0E-BD4E-60796FB8E684}.Release|x86.Build.0 = Release|Win32
	EndGlobalSection
	GlobalSection(SolutionProperties) = preSolution
		HideSolutionNode = FALSE
	EndGlobalSection
	GlobalSection(ExtensibilityGlobals) = postSolution
		SolutionGuid = {017D6802-5CD0-4511-9275-C0D3F17E5AE3}
	EndGlobalSection
EndGlobal
