
Microsoft Visual Studio Solution File, Format Version 12.00
# Visual Studio Version 16
VisualStudioVersion = 16.0.29806.167
MinimumVisualStudioVersion = 10.0.40219.1
Project("{8BC9CEB8-8B4A-11D0-8D11-00A0C91BC942}") = "Beverages", "Beverages\Beverages.vcxproj", "{AD388D18-008A-433C-A64E-688F5370CAE3}"
EndProject
Project("{8BC9CEB8-8B4A-11D0-8D11-00A0C91BC942}") = "Beverages_tests", "Beverages_tests\Beverages_tests.vcxproj", "{D3BD3939-AB6D-42C9-91BB-57A50D4A75A0}"
EndProject
Project("{8BC9CEB8-8B4A-11D0-8D11-00A0C91BC942}") = "Streams", "Streams\Streams.vcxproj", "{A28B32A1-993E-4797-AE30-CF0EF8B03495}"
EndProject
Project("{8BC9CEB8-8B4A-11D0-8D11-00A0C91BC942}") = "Streams_tests", "Streams_tests\Streams_tests.vcxproj", "{ACFE57F6-15DD-40C1-9001-E085E8A9AE4C}"
EndProject
Global
	GlobalSection(SolutionConfigurationPlatforms) = preSolution
		Debug|x64 = Debug|x64
		Debug|x86 = Debug|x86
		Release|x64 = Release|x64
		Release|x86 = Release|x86
	EndGlobalSection
	GlobalSection(ProjectConfigurationPlatforms) = postSolution
		{AD388D18-008A-433C-A64E-688F5370CAE3}.Debug|x64.ActiveCfg = Debug|x64
		{AD388D18-008A-433C-A64E-688F5370CAE3}.Debug|x64.Build.0 = Debug|x64
		{AD388D18-008A-433C-A64E-688F5370CAE3}.Debug|x86.ActiveCfg = Debug|Win32
		{AD388D18-008A-433C-A64E-688F5370CAE3}.Debug|x86.Build.0 = Debug|Win32
		{AD388D18-008A-433C-A64E-688F5370CAE3}.Release|x64.ActiveCfg = Release|x64
		{AD388D18-008A-433C-A64E-688F5370CAE3}.Release|x64.Build.0 = Release|x64
		{AD388D18-008A-433C-A64E-688F5370CAE3}.Release|x86.ActiveCfg = Release|Win32
		{AD388D18-008A-433C-A64E-688F5370CAE3}.Release|x86.Build.0 = Release|Win32
		{D3BD3939-AB6D-42C9-91BB-57A50D4A75A0}.Debug|x64.ActiveCfg = Debug|x64
		{D3BD3939-AB6D-42C9-91BB-57A50D4A75A0}.Debug|x64.Build.0 = Debug|x64
		{D3BD3939-AB6D-42C9-91BB-57A50D4A75A0}.Debug|x86.ActiveCfg = Debug|Win32
		{D3BD3939-AB6D-42C9-91BB-57A50D4A75A0}.Debug|x86.Build.0 = Debug|Win32
		{D3BD3939-AB6D-42C9-91BB-57A50D4A75A0}.Release|x64.ActiveCfg = Release|x64
		{D3BD3939-AB6D-42C9-91BB-57A50D4A75A0}.Release|x64.Build.0 = Release|x64
		{D3BD3939-AB6D-42C9-91BB-57A50D4A75A0}.Release|x86.ActiveCfg = Release|Win32
		{D3BD3939-AB6D-42C9-91BB-57A50D4A75A0}.Release|x86.Build.0 = Release|Win32
		{A28B32A1-993E-4797-AE30-CF0EF8B03495}.Debug|x64.ActiveCfg = Debug|x64
		{A28B32A1-993E-4797-AE30-CF0EF8B03495}.Debug|x64.Build.0 = Debug|x64
		{A28B32A1-993E-4797-AE30-CF0EF8B03495}.Debug|x86.ActiveCfg = Debug|Win32
		{A28B32A1-993E-4797-AE30-CF0EF8B03495}.Debug|x86.Build.0 = Debug|Win32
		{A28B32A1-993E-4797-AE30-CF0EF8B03495}.Release|x64.ActiveCfg = Release|x64
		{A28B32A1-993E-4797-AE30-CF0EF8B03495}.Release|x64.Build.0 = Release|x64
		{A28B32A1-993E-4797-AE30-CF0EF8B03495}.Release|x86.ActiveCfg = Release|Win32
		{A28B32A1-993E-4797-AE30-CF0EF8B03495}.Release|x86.Build.0 = Release|Win32
		{ACFE57F6-15DD-40C1-9001-E085E8A9AE4C}.Debug|x64.ActiveCfg = Debug|x64
		{ACFE57F6-15DD-40C1-9001-E085E8A9AE4C}.Debug|x64.Build.0 = Debug|x64
		{ACFE57F6-15DD-40C1-9001-E085E8A9AE4C}.Debug|x86.ActiveCfg = Debug|Win32
		{ACFE57F6-15DD-40C1-9001-E085E8A9AE4C}.Debug|x86.Build.0 = Debug|Win32
		{ACFE57F6-15DD-40C1-9001-E085E8A9AE4C}.Release|x64.ActiveCfg = Release|x64
		{ACFE57F6-15DD-40C1-9001-E085E8A9AE4C}.Release|x64.Build.0 = Release|x64
		{ACFE57F6-15DD-40C1-9001-E085E8A9AE4C}.Release|x86.ActiveCfg = Release|Win32
		{ACFE57F6-15DD-40C1-9001-E085E8A9AE4C}.Release|x86.Build.0 = Release|Win32
	EndGlobalSection
	GlobalSection(SolutionProperties) = preSolution
		HideSolutionNode = FALSE
	EndGlobalSection
	GlobalSection(ExtensibilityGlobals) = postSolution
		SolutionGuid = {332DDE8D-E977-4A89-A2FA-F25731E5FAAB}
	EndGlobalSection
EndGlobal
