
Microsoft Visual Studio Solution File, Format Version 12.00
# Visual Studio Version 16
VisualStudioVersion = 16.0.29920.165
MinimumVisualStudioVersion = 10.0.40219.1
Project("{8BC9CEB8-8B4A-11D0-8D11-00A0C91BC942}") = "ShapesTests", "ShapesTests\ShapesTests.vcxproj", "{0CA4C6C9-26CE-450C-95FD-2956BC7F6185}"
EndProject
Project("{8BC9CEB8-8B4A-11D0-8D11-00A0C91BC942}") = "Shapes", "Shapes\Shapes.vcxproj", "{E43CD323-88BA-4831-BD1B-CB316EE8D953}"
EndProject
Global
	GlobalSection(SolutionConfigurationPlatforms) = preSolution
		Debug|x64 = Debug|x64
		Debug|x86 = Debug|x86
		Release|x64 = Release|x64
		Release|x86 = Release|x86
	EndGlobalSection
	GlobalSection(ProjectConfigurationPlatforms) = postSolution
		{0CA4C6C9-26CE-450C-95FD-2956BC7F6185}.Debug|x64.ActiveCfg = Debug|x64
		{0CA4C6C9-26CE-450C-95FD-2956BC7F6185}.Debug|x64.Build.0 = Debug|x64
		{0CA4C6C9-26CE-450C-95FD-2956BC7F6185}.Debug|x86.ActiveCfg = Debug|Win32
		{0CA4C6C9-26CE-450C-95FD-2956BC7F6185}.Debug|x86.Build.0 = Debug|Win32
		{0CA4C6C9-26CE-450C-95FD-2956BC7F6185}.Release|x64.ActiveCfg = Release|x64
		{0CA4C6C9-26CE-450C-95FD-2956BC7F6185}.Release|x64.Build.0 = Release|x64
		{0CA4C6C9-26CE-450C-95FD-2956BC7F6185}.Release|x86.ActiveCfg = Release|Win32
		{0CA4C6C9-26CE-450C-95FD-2956BC7F6185}.Release|x86.Build.0 = Release|Win32
		{E43CD323-88BA-4831-BD1B-CB316EE8D953}.Debug|x64.ActiveCfg = Debug|x64
		{E43CD323-88BA-4831-BD1B-CB316EE8D953}.Debug|x64.Build.0 = Debug|x64
		{E43CD323-88BA-4831-BD1B-CB316EE8D953}.Debug|x86.ActiveCfg = Debug|Win32
		{E43CD323-88BA-4831-BD1B-CB316EE8D953}.Debug|x86.Build.0 = Debug|Win32
		{E43CD323-88BA-4831-BD1B-CB316EE8D953}.Release|x64.ActiveCfg = Release|x64
		{E43CD323-88BA-4831-BD1B-CB316EE8D953}.Release|x64.Build.0 = Release|x64
		{E43CD323-88BA-4831-BD1B-CB316EE8D953}.Release|x86.ActiveCfg = Release|Win32
		{E43CD323-88BA-4831-BD1B-CB316EE8D953}.Release|x86.Build.0 = Release|Win32
	EndGlobalSection
	GlobalSection(SolutionProperties) = preSolution
		HideSolutionNode = FALSE
	EndGlobalSection
	GlobalSection(ExtensibilityGlobals) = postSolution
		SolutionGuid = {1F3641E6-7325-441A-9451-136E68B11A29}
	EndGlobalSection
EndGlobal
